{
  "name": "statcord.js",
  "version": "3.3.0",
  "lockfileVersion": 2,
  "requires": true,
  "packages": {
    "": {
      "name": "statcord.js",
      "version": "3.3.0",
      "license": "ISC",
      "dependencies": {
        "node-fetch": "^2.6.0",
        "systeminformation": "^5.7.12"
      }
    },
    "node_modules/node-fetch": {
      "version": "2.6.1",
      "resolved": "https://registry.npmjs.org/node-fetch/-/node-fetch-2.6.1.tgz",
      "integrity": "sha512-V4aYg89jEoVRxRb2fJdAg8FHvI7cEyYdVAh94HH0UIK8oJxUfkjlDQN9RbMx+bEjP7+ggMiFRprSti032Oipxw==",
      "engines": {
        "node": "4.x || >=6.0.0"
      }
    },
    "node_modules/systeminformation": {
      "version": "5.7.12",
      "resolved": "https://registry.npmjs.org/systeminformation/-/systeminformation-5.7.12.tgz",
      "integrity": "sha512-rRMi8JafAXSrGd/aIxgmIxJyGRgRzyOZd75JilvVw13vD98aEaAJzKtezba5DYlTC/86c/XiZzd6VCed5fr/sA==",
      "os": [
        "darwin",
        "linux",
        "win32",
        "freebsd",
        "openbsd",
        "netbsd",
        "sunos"
      ],
      "bin": {
        "systeminformation": "lib/cli.js"
      },
      "engines": {
        "node": ">=4.0.0"
      },
      "funding": {
        "type": "Buy me a coffee",
        "url": "https://www.buymeacoffee.com/systeminfo"
      }
    }
  },
  "dependencies": {
    "node-fetch": {
      "version": "2.6.1",
      "resolved": "https://registry.npmjs.org/node-fetch/-/node-fetch-2.6.1.tgz",
      "integrity": "sha512-V4aYg89jEoVRxRb2fJdAg8FHvI7cEyYdVAh94HH0UIK8oJxUfkjlDQN9RbMx+bEjP7+ggMiFRprSti032Oipxw=="
    },
    "systeminformation": {
      "version": "5.7.12",
      "resolved": "https://registry.npmjs.org/systeminformation/-/systeminformation-5.7.12.tgz",
      "integrity": "sha512-rRMi8JafAXSrGd/aIxgmIxJyGRgRzyOZd75JilvVw13vD98aEaAJzKtezba5DYlTC/86c/XiZzd6VCed5fr/sA=="
    }
  }
}
